
Microsoft Visual Studio Solution File, Format Version 12.00
# Visual Studio Version 16
VisualStudioVersion = 16.0.30011.22
MinimumVisualStudioVersion = 10.0.40219.1
Project("{8BC9CEB8-8B4A-11D0-8D11-00A0C91BC942}") = "AccessModifiers", "AccessModifiers\AccessModifiers.vcxproj", "{13536F62-E6FD-4358-8CCC-B0065A15C857}"
EndProject
Global
	GlobalSection(SolutionConfigurationPlatforms) = preSolution
		Debug|x64 = Debug|x64
		Debug|x86 = Debug|x86
		Release|x64 = Release|x64
		Release|x86 = Release|x86
	EndGlobalSection
	GlobalSection(ProjectConfigurationPlatforms) = postSolution
		{13536F62-E6FD-4358-8CCC-B0065A15C857}.Debug|x64.ActiveCfg = Debug|x64
		{13536F62-E6FD-4358-8CCC-B0065A15C857}.Debug|x64.Build.0 = Debug|x64
		{13536F62-E6FD-4358-8CCC-B0065A15C857}.Debug|x86.ActiveCfg = Debug|Win32
		{13536F62-E6FD-4358-8CCC-B0065A15C857}.Debug|x86.Build.0 = Debug|Win32
		{13536F62-E6FD-4358-8CCC-B0065A15C857}.Release|x64.ActiveCfg = Release|x64
		{13536F62-E6FD-4358-8CCC-B0065A15C857}.Release|x64.Build.0 = Release|x64
		{13536F62-E6FD-4358-8CCC-B0065A15C857}.Release|x86.ActiveCfg = Release|Win32
		{13536F62-E6FD-4358-8CCC-B0065A15C857}.Release|x86.Build.0 = Release|Win32
	EndGlobalSection
	GlobalSection(SolutionProperties) = preSolution
		HideSolutionNode = FALSE
	EndGlobalSection
	GlobalSection(ExtensibilityGlobals) = postSolution
		SolutionGuid = {ED54764B-27B3-4B28-B8C1-E8DDE088F62B}
	EndGlobalSection
EndGlobal
